version = 1
revision = 3
requires-python = ">=3.14"

[[package]]
name = "asgiref"
version = "3.9.1"
source = { registry = "https://pypi.org/simple" }
sdist = { url = "https://files.pythonhosted.org/packages/90/61/0aa957eec22ff70b830b22ff91f825e70e1ef732c06666a805730f28b36b/asgiref-3.9.1.tar.gz", hash = "sha256:a5ab6582236218e5ef1648f242fd9f10626cfd4de8dc377db215d5d5098e3142", size = 36870, upload-time = "2025-07-08T09:07:43.344Z" }
wheels = [
    { url = "https://files.pythonhosted.org/packages/7c/3c/0464dcada90d5da0e71018c04a140ad6349558afb30b3051b4264cc5b965/asgiref-3.9.1-py3-none-any.whl", hash = "sha256:f3bba7092a48005b5f5bacd747d36ee4a5a61f4a269a6df590b43144355ebd2c", size = 23790, upload-time = "2025-07-08T09:07:41.548Z" },
]

[[package]]
name = "certifi"
version = "2025.7.14"
source = { registry = "https://pypi.org/simple" }
sdist = { url = "https://files.pythonhosted.org/packages/b3/76/52c535bcebe74590f296d6c77c86dabf761c41980e1347a2422e4aa2ae41/certifi-2025.7.14.tar.gz", hash = "sha256:8ea99dbdfaaf2ba2f9bac77b9249ef62ec5218e7c2b2e903378ed5fccf765995", size = 163981, upload-time = "2025-07-14T03:29:28.449Z" }
wheels = [
    { url = "https://files.pythonhosted.org/packages/4f/52/34c6cf5bb9285074dc3531c437b3919e825d976fde097a7a73f79e726d03/certifi-2025.7.14-py3-none-any.whl", hash = "sha256:6b31f564a415d79ee77df69d757bb49a5bb53bd9f756cbbe24394ffd6fc1f4b2", size = 162722, upload-time = "2025-07-14T03:29:26.863Z" },
]

[[package]]
name = "charset-normalizer"
version = "3.4.2"
source = { registry = "https://pypi.org/simple" }
sdist = { url = "https://files.pythonhosted.org/packages/e4/33/89c2ced2b67d1c2a61c19c6751aa8902d46ce3dacb23600a283619f5a12d/charset_normalizer-3.4.2.tar.gz", hash = "sha256:5baececa9ecba31eff645232d59845c07aa030f0c81ee70184a90d35099a0e63", size = 126367, upload-time = "2025-05-02T08:34:42.01Z" }
wheels = [
    { url = "https://files.pythonhosted.org/packages/20/94/c5790835a017658cbfabd07f3bfb549140c3ac458cfc196323996b10095a/charset_normalizer-3.4.2-py3-none-any.whl", hash = "sha256:7f56930ab0abd1c45cd15be65cc741c28b1c9a34876ce8c17a2fa107810c0af0", size = 52626, upload-time = "2025-05-02T08:34:40.053Z" },
]

[[package]]
name = "django"
version = "6.0"
source = { registry = "https://pypi.org/simple" }
dependencies = [
    { name = "asgiref" },
    { name = "sqlparse" },
    { name = "tzdata", marker = "sys_platform == 'win32'" },
]
sdist = { url = "https://files.pythonhosted.org/packages/15/75/19762bfc4ea556c303d9af8e36f0cd910ab17dff6c8774644314427a2120/django-6.0.tar.gz", hash = "sha256:7b0c1f50c0759bbe6331c6a39c89ae022a84672674aeda908784617ef47d8e26", size = 10932418, upload-time = "2025-12-03T16:26:21.878Z" }
wheels = [
    { url = "https://files.pythonhosted.org/packages/d7/ae/f19e24789a5ad852670d6885f5480f5e5895576945fcc01817dfd9bc002a/django-6.0-py3-none-any.whl", hash = "sha256:1cc2c7344303bbfb7ba5070487c17f7fc0b7174bbb0a38cebf03c675f5f19b6d", size = 8339181, upload-time = "2025-12-03T16:26:16.231Z" },
]

[[package]]
name = "django-distill"
version = "3.2.7"
source = { registry = "https://pypi.org/simple" }
dependencies = [
    { name = "django" },
    { name = "requests" },
]
sdist = { url = "https://files.pythonhosted.org/packages/19/c8/ece20c91129314a1ec407ecc7df87102524a32615ea0c43be5b3ae54cc4b/django_distill-3.2.7.tar.gz", hash = "sha256:b0aaf6f9bb7a36cda5ce169fd51e862718a924c5a85e382a7c208c12ff8e3ee2", size = 38170, upload-time = "2024-08-30T14:07:07.259Z" }

[[package]]
name = "django-extensions"
version = "4.1"
source = { registry = "https://pypi.org/simple" }
dependencies = [
    { name = "django" },
]
sdist = { url = "https://files.pythonhosted.org/packages/6d/b3/ed0f54ed706ec0b54fd251cc0364a249c6cd6c6ec97f04dc34be5e929eac/django_extensions-4.1.tar.gz", hash = "sha256:7b70a4d28e9b840f44694e3f7feb54f55d495f8b3fa6c5c0e5e12bcb2aa3cdeb", size = 283078, upload-time = "2025-04-11T01:15:39.617Z" }
wheels = [
    { url = "https://files.pythonhosted.org/packages/64/96/d967ca440d6a8e3861120f51985d8e5aec79b9a8bdda16041206adfe7adc/django_extensions-4.1-py3-none-any.whl", hash = "sha256:0699a7af28f2523bf8db309a80278519362cd4b6e1fd0a8cd4bf063e1e023336", size = 232980, upload-time = "2025-04-11T01:15:37.701Z" },
]

[[package]]
name = "heliumos-website"
version = "0.1.0"
source = { editable = "." }
dependencies = [
    { name = "django" },
    { name = "django-distill" },
    { name = "django-extensions" },
    { name = "markdown" },
    { name = "whitenoise" },
]

[package.metadata]
requires-dist = [
    { name = "django", specifier = "==6" },
    { name = "django-distill", specifier = ">=3.2" },
    { name = "django-extensions", specifier = "==4.1" },
    { name = "markdown", specifier = "==3.10" },
    { name = "whitenoise" },
]

[[package]]
name = "idna"
version = "3.10"
source = { registry = "https://pypi.org/simple" }
sdist = { url = "https://files.pythonhosted.org/packages/f1/70/7703c29685631f5a7590aa73f1f1d3fa9a380e654b86af429e0934a32f7d/idna-3.10.tar.gz", hash = "sha256:12f65c9b470abda6dc35cf8e63cc574b1c52b11df2c86030af0ac09b01b13ea9", size = 190490, upload-time = "2024-09-15T18:07:39.745Z" }
wheels = [
    { url = "https://files.pythonhosted.org/packages/76/c6/c88e154df9c4e1a2a66ccf0005a88dfb2650c1dffb6f5ce603dfbd452ce3/idna-3.10-py3-none-any.whl", hash = "sha256:946d195a0d259cbba61165e88e65941f16e9b36ea6ddb97f00452bae8b1287d3", size = 70442, upload-time = "2024-09-15T18:07:37.964Z" },
]

[[package]]
name = "markdown"
version = "3.10"
source = { registry = "https://pypi.org/simple" }
sdist = { url = "https://files.pythonhosted.org/packages/7d/ab/7dd27d9d863b3376fcf23a5a13cb5d024aed1db46f963f1b5735ae43b3be/markdown-3.10.tar.gz", hash = "sha256:37062d4f2aa4b2b6b32aefb80faa300f82cc790cb949a35b8caede34f2b68c0e", size = 364931, upload-time = "2025-11-03T19:51:15.007Z" }
wheels = [
    { url = "https://files.pythonhosted.org/packages/70/81/54e3ce63502cd085a0c556652a4e1b919c45a446bd1e5300e10c44c8c521/markdown-3.10-py3-none-any.whl", hash = "sha256:b5b99d6951e2e4948d939255596523444c0e677c669700b1d17aa4a8a464cb7c", size = 107678, upload-time = "2025-11-03T19:51:13.887Z" },
]

[[package]]
name = "requests"
version = "2.32.4"
source = { registry = "https://pypi.org/simple" }
dependencies = [
    { name = "certifi" },
    { name = "charset-normalizer" },
    { name = "idna" },
    { name = "urllib3" },
]
sdist = { url = "https://files.pythonhosted.org/packages/e1/0a/929373653770d8a0d7ea76c37de6e41f11eb07559b103b1c02cafb3f7cf8/requests-2.32.4.tar.gz", hash = "sha256:27d0316682c8a29834d3264820024b62a36942083d52caf2f14c0591336d3422", size = 135258, upload-time = "2025-06-09T16:43:07.34Z" }
wheels = [
    { url = "https://files.pythonhosted.org/packages/7c/e4/56027c4a6b4ae70ca9de302488c5ca95ad4a39e190093d6c1a8ace08341b/requests-2.32.4-py3-none-any.whl", hash = "sha256:27babd3cda2a6d50b30443204ee89830707d396671944c998b5975b031ac2b2c", size = 64847, upload-time = "2025-06-09T16:43:05.728Z" },
]

[[package]]
name = "sqlparse"
version = "0.5.3"
source = { registry = "https://pypi.org/simple" }
sdist = { url = "https://files.pythonhosted.org/packages/e5/40/edede8dd6977b0d3da179a342c198ed100dd2aba4be081861ee5911e4da4/sqlparse-0.5.3.tar.gz", hash = "sha256:09f67787f56a0b16ecdbde1bfc7f5d9c3371ca683cfeaa8e6ff60b4807ec9272", size = 84999, upload-time = "2024-12-10T12:05:30.728Z" }
wheels = [
    { url = "https://files.pythonhosted.org/packages/a9/5c/bfd6bd0bf979426d405cc6e71eceb8701b148b16c21d2dc3c261efc61c7b/sqlparse-0.5.3-py3-none-any.whl", hash = "sha256:cf2196ed3418f3ba5de6af7e82c694a9fbdbfecccdfc72e281548517081f16ca", size = 44415, upload-time = "2024-12-10T12:05:27.824Z" },
]

[[package]]
name = "tzdata"
version = "2025.2"
source = { registry = "https://pypi.org/simple" }
sdist = { url = "https://files.pythonhosted.org/packages/95/32/1a225d6164441be760d75c2c42e2780dc0873fe382da3e98a2e1e48361e5/tzdata-2025.2.tar.gz", hash = "sha256:b60a638fcc0daffadf82fe0f57e53d06bdec2f36c4df66280ae79bce6bd6f2b9", size = 196380, upload-time = "2025-03-23T13:54:43.652Z" }
wheels = [
    { url = "https://files.pythonhosted.org/packages/5c/23/c7abc0ca0a1526a0774eca151daeb8de62ec457e77262b66b359c3c7679e/tzdata-2025.2-py2.py3-none-any.whl", hash = "sha256:1a403fada01ff9221ca8044d701868fa132215d84beb92242d9acd2147f667a8", size = 347839, upload-time = "2025-03-23T13:54:41.845Z" },
]

[[package]]
name = "urllib3"
version = "2.5.0"
source = { registry = "https://pypi.org/simple" }
sdist = { url = "https://files.pythonhosted.org/packages/15/22/9ee70a2574a4f4599c47dd506532914ce044817c7752a79b6a51286319bc/urllib3-2.5.0.tar.gz", hash = "sha256:3fc47733c7e419d4bc3f6b3dc2b4f890bb743906a30d56ba4a5bfa4bbff92760", size = 393185, upload-time = "2025-06-18T14:07:41.644Z" }
wheels = [
    { url = "https://files.pythonhosted.org/packages/a7/c2/fe1e52489ae3122415c51f387e221dd0773709bad6c6cdaa599e8a2c5185/urllib3-2.5.0-py3-none-any.whl", hash = "sha256:e6b01673c0fa6a13e374b50871808eb3bf7046c4b125b216f6bf1cc604cff0dc", size = 129795, upload-time = "2025-06-18T14:07:40.39Z" },
]

[[package]]
name = "whitenoise"
version = "6.9.0"
source = { registry = "https://pypi.org/simple" }
sdist = { url = "https://files.pythonhosted.org/packages/b9/cf/c15c2f21aee6b22a9f6fc9be3f7e477e2442ec22848273db7f4eb73d6162/whitenoise-6.9.0.tar.gz", hash = "sha256:8c4a7c9d384694990c26f3047e118c691557481d624f069b7f7752a2f735d609", size = 25920, upload-time = "2025-02-06T22:16:34.957Z" }
wheels = [
    { url = "https://files.pythonhosted.org/packages/64/b2/2ce9263149fbde9701d352bda24ea1362c154e196d2fda2201f18fc585d7/whitenoise-6.9.0-py3-none-any.whl", hash = "sha256:c8a489049b7ee9889617bb4c274a153f3d979e8f51d2efd0f5b403caf41c57df", size = 20161, upload-time = "2025-02-06T22:16:32.589Z" },
]
